
Microsoft Visual Studio Solution File, Format Version 12.00
# Visual Studio Version 16
VisualStudioVersion = 16.0.30621.155
MinimumVisualStudioVersion = 10.0.40219.1
Project("{FAE04EC0-301F-11D3-BF4B-00C04F79EFBC}") = "Arrays", "Arrays\Arrays.csproj", "{BCEBFC93-DDA1-498E-8B3D-F16EA8150397}"
EndProject
Global
	GlobalSection(SolutionConfigurationPlatforms) = preSolution
		Debug|Any CPU = Debug|Any CPU
		Release|Any CPU = Release|Any CPU
	EndGlobalSection
	GlobalSection(ProjectConfigurationPlatforms) = postSolution
		{BCEBFC93-DDA1-498E-8B3D-F16EA8150397}.Debug|Any CPU.ActiveCfg = Debug|Any CPU
		{BCEBFC93-DDA1-498E-8B3D-F16EA8150397}.Debug|Any CPU.Build.0 = Debug|Any CPU
		{BCEBFC93-DDA1-498E-8B3D-F16EA8150397}.Release|Any CPU.ActiveCfg = Release|Any CPU
		{BCEBFC93-DDA1-498E-8B3D-F16EA8150397}.Release|Any CPU.Build.0 = Release|Any CPU
	EndGlobalSection
	GlobalSection(SolutionProperties) = preSolution
		HideSolutionNode = FALSE
	EndGlobalSection
	GlobalSection(ExtensibilityGlobals) = postSolution
		SolutionGuid = {1F5C2B56-EE90-4F3A-9841-AC732636DDFC}
	EndGlobalSection
EndGlobal
